
Microsoft Visual Studio Solution File, Format Version 12.00
# Visual Studio Version 16
VisualStudioVersion = 16.0.28803.156
MinimumVisualStudioVersion = 10.0.40219.1
Project("{FAE04EC0-301F-11D3-BF4B-00C04F79EFBC}") = "NSMPT", "NSMPT\NSMPT.csproj", "{14A297DF-E35E-4228-9181-BE357AB837AA}"
EndProject
Project("{FAE04EC0-301F-11D3-BF4B-00C04F79EFBC}") = "NSMPT.Facade", "NSMPT.Facade\NSMPT.Facade.csproj", "{9E029C20-9FB4-42A1-8F65-ED9BF5271D81}"
EndProject
Project("{FAE04EC0-301F-11D3-BF4B-00C04F79EFBC}") = "NSMPT.Entites", "NSMPT.Entites\NSMPT.Entites.csproj", "{ECECFE30-0D5F-4C4F-84E7-E6A4AA2C45C0}"
EndProject
Project("{FAE04EC0-301F-11D3-BF4B-00C04F79EFBC}") = "NSMPT.DataAccess", "NSMPT.DataAccess\NSMPT.DataAccess.csproj", "{FCA405AE-D31B-4EAA-AA25-CC75DB0407B0}"
EndProject
Project("{FAE04EC0-301F-11D3-BF4B-00C04F79EFBC}") = "NSMPT.Web", "NSMPT.Web\NSMPT.Web.csproj", "{B24D6BAF-4A58-4F29-AFA9-CF39B3C3B248}"
EndProject
Project("{FAE04EC0-301F-11D3-BF4B-00C04F79EFBC}") = "NSMPT.WinService", "NSMPT.WinService\NSMPT.WinService.csproj", "{8D6F642E-F21F-4BAC-9847-5CFA1A49B87D}"
EndProject
Project("{FAE04EC0-301F-11D3-BF4B-00C04F79EFBC}") = "NSMPT.ImpDate", "NSMPT.ImpDate\NSMPT.ImpDate.csproj", "{A2EF16B3-EE72-47FC-81BC-BF8169203BC9}"
EndProject
Project("{FAE04EC0-301F-11D3-BF4B-00C04F79EFBC}") = "NSMPT.APP", "NSMPT.APP\NSMPT.APP.csproj", "{265513FB-D331-487C-9275-2DD547A79989}"
EndProject
Global
	GlobalSection(SolutionConfigurationPlatforms) = preSolution
		Debug|Any CPU = Debug|Any CPU
		My Debug|Any CPU = My Debug|Any CPU
		Release|Any CPU = Release|Any CPU
	EndGlobalSection
	GlobalSection(ProjectConfigurationPlatforms) = postSolution
		{14A297DF-E35E-4228-9181-BE357AB837AA}.Debug|Any CPU.ActiveCfg = Debug|Any CPU
		{14A297DF-E35E-4228-9181-BE357AB837AA}.Debug|Any CPU.Build.0 = Debug|Any CPU
		{14A297DF-E35E-4228-9181-BE357AB837AA}.My Debug|Any CPU.ActiveCfg = Debug|Any CPU
		{14A297DF-E35E-4228-9181-BE357AB837AA}.My Debug|Any CPU.Build.0 = Debug|Any CPU
		{14A297DF-E35E-4228-9181-BE357AB837AA}.Release|Any CPU.ActiveCfg = Release|Any CPU
		{14A297DF-E35E-4228-9181-BE357AB837AA}.Release|Any CPU.Build.0 = Release|Any CPU
		{9E029C20-9FB4-42A1-8F65-ED9BF5271D81}.Debug|Any CPU.ActiveCfg = Debug|Any CPU
		{9E029C20-9FB4-42A1-8F65-ED9BF5271D81}.Debug|Any CPU.Build.0 = Debug|Any CPU
		{9E029C20-9FB4-42A1-8F65-ED9BF5271D81}.My Debug|Any CPU.ActiveCfg = Debug|Any CPU
		{9E029C20-9FB4-42A1-8F65-ED9BF5271D81}.My Debug|Any CPU.Build.0 = Debug|Any CPU
		{9E029C20-9FB4-42A1-8F65-ED9BF5271D81}.Release|Any CPU.ActiveCfg = Release|Any CPU
		{9E029C20-9FB4-42A1-8F65-ED9BF5271D81}.Release|Any CPU.Build.0 = Release|Any CPU
		{ECECFE30-0D5F-4C4F-84E7-E6A4AA2C45C0}.Debug|Any CPU.ActiveCfg = Debug|Any CPU
		{ECECFE30-0D5F-4C4F-84E7-E6A4AA2C45C0}.Debug|Any CPU.Build.0 = Debug|Any CPU
		{ECECFE30-0D5F-4C4F-84E7-E6A4AA2C45C0}.My Debug|Any CPU.ActiveCfg = Debug|Any CPU
		{ECECFE30-0D5F-4C4F-84E7-E6A4AA2C45C0}.My Debug|Any CPU.Build.0 = Debug|Any CPU
		{ECECFE30-0D5F-4C4F-84E7-E6A4AA2C45C0}.Release|Any CPU.ActiveCfg = Release|Any CPU
		{ECECFE30-0D5F-4C4F-84E7-E6A4AA2C45C0}.Release|Any CPU.Build.0 = Release|Any CPU
		{FCA405AE-D31B-4EAA-AA25-CC75DB0407B0}.Debug|Any CPU.ActiveCfg = Debug|Any CPU
		{FCA405AE-D31B-4EAA-AA25-CC75DB0407B0}.Debug|Any CPU.Build.0 = Debug|Any CPU
		{FCA405AE-D31B-4EAA-AA25-CC75DB0407B0}.My Debug|Any CPU.ActiveCfg = Debug|Any CPU
		{FCA405AE-D31B-4EAA-AA25-CC75DB0407B0}.My Debug|Any CPU.Build.0 = Debug|Any CPU
		{FCA405AE-D31B-4EAA-AA25-CC75DB0407B0}.Release|Any CPU.ActiveCfg = Release|Any CPU
		{FCA405AE-D31B-4EAA-AA25-CC75DB0407B0}.Release|Any CPU.Build.0 = Release|Any CPU
		{B24D6BAF-4A58-4F29-AFA9-CF39B3C3B248}.Debug|Any CPU.ActiveCfg = Debug|Any CPU
		{B24D6BAF-4A58-4F29-AFA9-CF39B3C3B248}.Debug|Any CPU.Build.0 = Debug|Any CPU
		{B24D6BAF-4A58-4F29-AFA9-CF39B3C3B248}.My Debug|Any CPU.ActiveCfg = Debug|Any CPU
		{B24D6BAF-4A58-4F29-AFA9-CF39B3C3B248}.My Debug|Any CPU.Build.0 = Debug|Any CPU
		{B24D6BAF-4A58-4F29-AFA9-CF39B3C3B248}.Release|Any CPU.ActiveCfg = Release|Any CPU
		{B24D6BAF-4A58-4F29-AFA9-CF39B3C3B248}.Release|Any CPU.Build.0 = Release|Any CPU
		{8D6F642E-F21F-4BAC-9847-5CFA1A49B87D}.Debug|Any CPU.ActiveCfg = Debug|Any CPU
		{8D6F642E-F21F-4BAC-9847-5CFA1A49B87D}.Debug|Any CPU.Build.0 = Debug|Any CPU
		{8D6F642E-F21F-4BAC-9847-5CFA1A49B87D}.My Debug|Any CPU.ActiveCfg = Debug|Any CPU
		{8D6F642E-F21F-4BAC-9847-5CFA1A49B87D}.My Debug|Any CPU.Build.0 = Debug|Any CPU
		{8D6F642E-F21F-4BAC-9847-5CFA1A49B87D}.Release|Any CPU.ActiveCfg = Release|Any CPU
		{8D6F642E-F21F-4BAC-9847-5CFA1A49B87D}.Release|Any CPU.Build.0 = Release|Any CPU
		{A2EF16B3-EE72-47FC-81BC-BF8169203BC9}.Debug|Any CPU.ActiveCfg = Debug|Any CPU
		{A2EF16B3-EE72-47FC-81BC-BF8169203BC9}.Debug|Any CPU.Build.0 = Debug|Any CPU
		{A2EF16B3-EE72-47FC-81BC-BF8169203BC9}.My Debug|Any CPU.ActiveCfg = Debug|Any CPU
		{A2EF16B3-EE72-47FC-81BC-BF8169203BC9}.My Debug|Any CPU.Build.0 = Debug|Any CPU
		{A2EF16B3-EE72-47FC-81BC-BF8169203BC9}.Release|Any CPU.ActiveCfg = Release|Any CPU
		{A2EF16B3-EE72-47FC-81BC-BF8169203BC9}.Release|Any CPU.Build.0 = Release|Any CPU
		{265513FB-D331-487C-9275-2DD547A79989}.Debug|Any CPU.ActiveCfg = Debug|Any CPU
		{265513FB-D331-487C-9275-2DD547A79989}.Debug|Any CPU.Build.0 = Debug|Any CPU
		{265513FB-D331-487C-9275-2DD547A79989}.My Debug|Any CPU.ActiveCfg = Debug|Any CPU
		{265513FB-D331-487C-9275-2DD547A79989}.My Debug|Any CPU.Build.0 = Debug|Any CPU
		{265513FB-D331-487C-9275-2DD547A79989}.Release|Any CPU.ActiveCfg = Release|Any CPU
		{265513FB-D331-487C-9275-2DD547A79989}.Release|Any CPU.Build.0 = Release|Any CPU
	EndGlobalSection
	GlobalSection(SolutionProperties) = preSolution
		HideSolutionNode = FALSE
	EndGlobalSection
	GlobalSection(ExtensibilityGlobals) = postSolution
		SolutionGuid = {D543D232-632C-4C23-A565-02DE3950EF33}
	EndGlobalSection
EndGlobal
